// !$*UTF8*$!
{
	archiveVersion = 1;
	classes = {
	};
	objectVersion = 56;
	objects = {

/* Begin PBXBuildFile section */
		E9A825142917ECDC0002DFBA /* FriendfaceApp.swift in Sources */ = {isa = PBXBuildFile; fileRef = E9A825132917ECDC0002DFBA /* FriendfaceApp.swift */; };
		E9A825162917ECDC0002DFBA /* ContentView.swift in Sources */ = {isa = PBXBuildFile; fileRef = E9A825152917ECDC0002DFBA /* ContentView.swift */; };
		E9A825182917ECDC0002DFBA /* Assets.xcassets in Resources */ = {isa = PBXBuildFile; fileRef = E9A825172917ECDC0002DFBA /* Assets.xcassets */; };
		E9A8251B2917ECDC0002DFBA /* Preview Assets.xcassets in Resources */ = {isa = PBXBuildFile; fileRef = E9A8251A2917ECDC0002DFBA /* Preview Assets.xcassets */; };
		E9A825232917ED350002DFBA /* DetailView.swift in Sources */ = {isa = PBXBuildFile; fileRef = E9A825212917ED350002DFBA /* DetailView.swift */; };
		E9A825242917ED350002DFBA /* FriendsView.swift in Sources */ = {isa = PBXBuildFile; fileRef = E9A825222917ED350002DFBA /* FriendsView.swift */; };
		E9A825272917ED810002DFBA /* DataController.swift in Sources */ = {isa = PBXBuildFile; fileRef = E9A825262917ED810002DFBA /* DataController.swift */; };
		E9A8252A2917ED8C0002DFBA /* Friendface.xcdatamodeld in Sources */ = {isa = PBXBuildFile; fileRef = E9A825282917ED8C0002DFBA /* Friendface.xcdatamodeld */; };
		E9A825302917ED950002DFBA /* CachedUser+CoreDataClass.swift in Sources */ = {isa = PBXBuildFile; fileRef = E9A8252C2917ED950002DFBA /* CachedUser+CoreDataClass.swift */; };
		E9A825312917ED950002DFBA /* CachedFriend+CoreDataClass.swift in Sources */ = {isa = PBXBuildFile; fileRef = E9A8252D2917ED950002DFBA /* CachedFriend+CoreDataClass.swift */; };
		E9A825322917ED950002DFBA /* CachedUser+CoreDataProperties.swift in Sources */ = {isa = PBXBuildFile; fileRef = E9A8252E2917ED950002DFBA /* CachedUser+CoreDataProperties.swift */; };
		E9A825332917ED950002DFBA /* CachedFriend+CoreDataProperties.swift in Sources */ = {isa = PBXBuildFile; fileRef = E9A8252F2917ED950002DFBA /* CachedFriend+CoreDataProperties.swift */; };
		E9A825372917EDC00002DFBA /* Friend.swift in Sources */ = {isa = PBXBuildFile; fileRef = E9A825352917EDC00002DFBA /* Friend.swift */; };
		E9A825382917EDC00002DFBA /* User.swift in Sources */ = {isa = PBXBuildFile; fileRef = E9A825362917EDC00002DFBA /* User.swift */; };
/* End PBXBuildFile section */

/* Begin PBXFileReference section */
		E9A825102917ECDC0002DFBA /* Friendface.app */ = {isa = PBXFileReference; explicitFileType = wrapper.application; includeInIndex = 0; path = Friendface.app; sourceTree = BUILT_PRODUCTS_DIR; };
		E9A825132917ECDC0002DFBA /* FriendfaceApp.swift */ = {isa = PBXFileReference; lastKnownFileType = sourcecode.swift; path = FriendfaceApp.swift; sourceTree = "<group>"; };
		E9A825152917ECDC0002DFBA /* ContentView.swift */ = {isa = PBXFileReference; lastKnownFileType = sourcecode.swift; path = ContentView.swift; sourceTree = "<group>"; };
		E9A825172917ECDC0002DFBA /* Assets.xcassets */ = {isa = PBXFileReference; lastKnownFileType = folder.assetcatalog; path = Assets.xcassets; sourceTree = "<group>"; };
		E9A8251A2917ECDC0002DFBA /* Preview Assets.xcassets */ = {isa = PBXFileReference; lastKnownFileType = folder.assetcatalog; path = "Preview Assets.xcassets"; sourceTree = "<group>"; };
		E9A825212917ED350002DFBA /* DetailView.swift */ = {isa = PBXFileReference; fileEncoding = 4; lastKnownFileType = sourcecode.swift; path = DetailView.swift; sourceTree = "<group>"; };
		E9A825222917ED350002DFBA /* FriendsView.swift */ = {isa = PBXFileReference; fileEncoding = 4; lastKnownFileType = sourcecode.swift; path = FriendsView.swift; sourceTree = "<group>"; };
		E9A825262917ED810002DFBA /* DataController.swift */ = {isa = PBXFileReference; fileEncoding = 4; lastKnownFileType = sourcecode.swift; name = DataController.swift; path = ../../17_Friendface/FriendFace/DataController.swift; sourceTree = "<group>"; };
		E9A825292917ED8C0002DFBA /* Friendface.xcdatamodel */ = {isa = PBXFileReference; lastKnownFileType = wrapper.xcdatamodel; path = Friendface.xcdatamodel; sourceTree = "<group>"; };
		E9A8252C2917ED950002DFBA /* CachedUser+CoreDataClass.swift */ = {isa = PBXFileReference; fileEncoding = 4; lastKnownFileType = sourcecode.swift; path = "CachedUser+CoreDataClass.swift"; sourceTree = "<group>"; };
		E9A8252D2917ED950002DFBA /* CachedFriend+CoreDataClass.swift */ = {isa = PBXFileReference; fileEncoding = 4; lastKnownFileType = sourcecode.swift; path = "CachedFriend+CoreDataClass.swift"; sourceTree = "<group>"; };
		E9A8252E2917ED950002DFBA /* CachedUser+CoreDataProperties.swift */ = {isa = PBXFileReference; fileEncoding = 4; lastKnownFileType = sourcecode.swift; path = "CachedUser+CoreDataProperties.swift"; sourceTree = "<group>"; };
		E9A8252F2917ED950002DFBA /* CachedFriend+CoreDataProperties.swift */ = {isa = PBXFileReference; fileEncoding = 4; lastKnownFileType = sourcecode.swift; path = "CachedFriend+CoreDataProperties.swift"; sourceTree = "<group>"; };
		E9A825352917EDC00002DFBA /* Friend.swift */ = {isa = PBXFileReference; fileEncoding = 4; lastKnownFileType = sourcecode.swift; path = Friend.swift; sourceTree = "<group>"; };
		E9A825362917EDC00002DFBA /* User.swift */ = {isa = PBXFileReference; fileEncoding = 4; lastKnownFileType = sourcecode.swift; path = User.swift; sourceTree = "<group>"; };
/* End PBXFileReference section */

/* Begin PBXFrameworksBuildPhase section */
		E9A8250D2917ECDC0002DFBA /* Frameworks */ = {
			isa = PBXFrameworksBuildPhase;
			buildActionMask = 2147483647;
			files = (
			);
			runOnlyForDeploymentPostprocessing = 0;
		};
/* End PBXFrameworksBuildPhase section */

/* Begin PBXGroup section */
		E9A825072917ECDC0002DFBA = {
			isa = PBXGroup;
			children = (
				E9A825122917ECDC0002DFBA /* Friendface */,
				E9A825112917ECDC0002DFBA /* Products */,
			);
			sourceTree = "<group>";
		};
		E9A825112917ECDC0002DFBA /* Products */ = {
			isa = PBXGroup;
			children = (
				E9A825102917ECDC0002DFBA /* Friendface.app */,
			);
			name = Products;
			sourceTree = "<group>";
		};
		E9A825122917ECDC0002DFBA /* Friendface */ = {
			isa = PBXGroup;
			children = (
				E9A825342917EDC00002DFBA /* Data Models */,
				E9A825252917ED3D0002DFBA /* Views */,
				E9A825132917ECDC0002DFBA /* FriendfaceApp.swift */,
				E9A825262917ED810002DFBA /* DataController.swift */,
				E9A825282917ED8C0002DFBA /* Friendface.xcdatamodeld */,
				E9A825172917ECDC0002DFBA /* Assets.xcassets */,
				E9A8252B2917ED950002DFBA /* NSManagedObject Subclasses */,
				E9A825192917ECDC0002DFBA /* Preview Content */,
			);
			path = Friendface;
			sourceTree = "<group>";
		};
		E9A825192917ECDC0002DFBA /* Preview Content */ = {
			isa = PBXGroup;
			children = (
				E9A8251A2917ECDC0002DFBA /* Preview Assets.xcassets */,
			);
			path = "Preview Content";
			sourceTree = "<group>";
		};
		E9A825252917ED3D0002DFBA /* Views */ = {
			isa = PBXGroup;
			children = (
				E9A825212917ED350002DFBA /* DetailView.swift */,
				E9A825222917ED350002DFBA /* FriendsView.swift */,
				E9A825152917ECDC0002DFBA /* ContentView.swift */,
			);
			path = Views;
			sourceTree = "<group>";
		};
		E9A8252B2917ED950002DFBA /* NSManagedObject Subclasses */ = {
			isa = PBXGroup;
			children = (
				E9A8252C2917ED950002DFBA /* CachedUser+CoreDataClass.swift */,
				E9A8252D2917ED950002DFBA /* CachedFriend+CoreDataClass.swift */,
				E9A8252E2917ED950002DFBA /* CachedUser+CoreDataProperties.swift */,
				E9A8252F2917ED950002DFBA /* CachedFriend+CoreDataProperties.swift */,
			);
			name = "NSManagedObject Subclasses";
			path = "../../17_Friendface/FriendFace/NSManagedObject Subclasses";
			sourceTree = "<group>";
		};
		E9A825342917EDC00002DFBA /* Data Models */ = {
			isa = PBXGroup;
			children = (
				E9A825352917EDC00002DFBA /* Friend.swift */,
				E9A825362917EDC00002DFBA /* User.swift */,
			);
			name = "Data Models";
			path = "../../17_Friendface/FriendFace/Data Models";
			sourceTree = "<group>";
		};
/* End PBXGroup section */

/* Begin PBXNativeTarget section */
		E9A8250F2917ECDC0002DFBA /* Friendface */ = {
			isa = PBXNativeTarget;
			buildConfigurationList = E9A8251E2917ECDC0002DFBA /* Build configuration list for PBXNativeTarget "Friendface" */;
			buildPhases = (
				E9A8250C2917ECDC0002DFBA /* Sources */,
				E9A8250D2917ECDC0002DFBA /* Frameworks */,
				E9A8250E2917ECDC0002DFBA /* Resources */,
			);
			buildRules = (
			);
			dependencies = (
			);
			name = Friendface;
			productName = Friendface;
			productReference = E9A825102917ECDC0002DFBA /* Friendface.app */;
			productType = "com.apple.product-type.application";
		};
/* End PBXNativeTarget section */

/* Begin PBXProject section */
		E9A825082917ECDC0002DFBA /* Project object */ = {
			isa = PBXProject;
			attributes = {
				BuildIndependentTargetsInParallel = 1;
				LastSwiftUpdateCheck = 1410;
				LastUpgradeCheck = 1410;
				TargetAttributes = {
					E9A8250F2917ECDC0002DFBA = {
						CreatedOnToolsVersion = 14.1;
					};
				};
			};
			buildConfigurationList = E9A8250B2917ECDC0002DFBA /* Build configuration list for PBXProject "Friendface" */;
			compatibilityVersion = "Xcode 14.0";
			developmentRegion = en;
			hasScannedForEncodings = 0;
			knownRegions = (
				en,
				Base,
			);
			mainGroup = E9A825072917ECDC0002DFBA;
			productRefGroup = E9A825112917ECDC0002DFBA /* Products */;
			projectDirPath = "";
			projectRoot = "";
			targets = (
				E9A8250F2917ECDC0002DFBA /* Friendface */,
			);
		};
/* End PBXProject section */

/* Begin PBXResourcesBuildPhase section */
		E9A8250E2917ECDC0002DFBA /* Resources */ = {
			isa = PBXResourcesBuildPhase;
			buildActionMask = 2147483647;
			files = (
				E9A8251B2917ECDC0002DFBA /* Preview Assets.xcassets in Resources */,
				E9A825182917ECDC0002DFBA /* Assets.xcassets in Resources */,
			);
			runOnlyForDeploymentPostprocessing = 0;
		};
/* End PBXResourcesBuildPhase section */

/* Begin PBXSourcesBuildPhase section */
		E9A8250C2917ECDC0002DFBA /* Sources */ = {
			isa = PBXSourcesBuildPhase;
			buildActionMask = 2147483647;
			files = (
				E9A8252A2917ED8C0002DFBA /* Friendface.xcdatamodeld in Sources */,
				E9A825332917ED950002DFBA /* CachedFriend+CoreDataProperties.swift in Sources */,
				E9A825272917ED810002DFBA /* DataController.swift in Sources */,
				E9A825162917ECDC0002DFBA /* ContentView.swift in Sources */,
				E9A825232917ED350002DFBA /* DetailView.swift in Sources */,
				E9A825242917ED350002DFBA /* FriendsView.swift in Sources */,
				E9A825302917ED950002DFBA /* CachedUser+CoreDataClass.swift in Sources */,
				E9A825312917ED950002DFBA /* CachedFriend+CoreDataClass.swift in Sources */,
				E9A825382917EDC00002DFBA /* User.swift in Sources */,
				E9A825322917ED950002DFBA /* CachedUser+CoreDataProperties.swift in Sources */,
				E9A825142917ECDC0002DFBA /* FriendfaceApp.swift in Sources */,
				E9A825372917EDC00002DFBA /* Friend.swift in Sources */,
			);
			runOnlyForDeploymentPostprocessing = 0;
		};
/* End PBXSourcesBuildPhase section */

/* Begin XCBuildConfiguration section */
		E9A8251C2917ECDC0002DFBA /* Debug */ = {
			isa = XCBuildConfiguration;
			buildSettings = {
				ALWAYS_SEARCH_USER_PATHS = NO;
				CLANG_ANALYZER_NONNULL = YES;
				CLANG_ANALYZER_NUMBER_OBJECT_CONVERSION = YES_AGGRESSIVE;
				CLANG_CXX_LANGUAGE_STANDARD = "gnu++20";
				CLANG_ENABLE_MODULES = YES;
				CLANG_ENABLE_OBJC_ARC = YES;
				CLANG_ENABLE_OBJC_WEAK = YES;
				CLANG_WARN_BLOCK_CAPTURE_AUTORELEASING = YES;
				CLANG_WARN_BOOL_CONVERSION = YES;
				CLANG_WARN_COMMA = YES;
				CLANG_WARN_CONSTANT_CONVERSION = YES;
				CLANG_WARN_DEPRECATED_OBJC_IMPLEMENTATIONS = YES;
				CLANG_WARN_DIRECT_OBJC_ISA_USAGE = YES_ERROR;
				CLANG_WARN_DOCUMENTATION_COMMENTS = YES;
				CLANG_WARN_EMPTY_BODY = YES;
				CLANG_WARN_ENUM_CONVERSION = YES;
				CLANG_WARN_INFINITE_RECURSION = YES;
				CLANG_WARN_INT_CONVERSION = YES;
				CLANG_WARN_NON_LITERAL_NULL_CONVERSION = YES;
				CLANG_WARN_OBJC_IMPLICIT_RETAIN_SELF = YES;
				CLANG_WARN_OBJC_LITERAL_CONVERSION = YES;
				CLANG_WARN_OBJC_ROOT_CLASS = YES_ERROR;
				CLANG_WARN_QUOTED_INCLUDE_IN_FRAMEWORK_HEADER = YES;
				CLANG_WARN_RANGE_LOOP_ANALYSIS = YES;
				CLANG_WARN_STRICT_PROTOTYPES = YES;
				CLANG_WARN_SUSPICIOUS_MOVE = YES;
				CLANG_WARN_UNGUARDED_AVAILABILITY = YES_AGGRESSIVE;
				CLANG_WARN_UNREACHABLE_CODE = YES;
				CLANG_WARN__DUPLICATE_METHOD_MATCH = YES;
				COPY_PHASE_STRIP = NO;
				DEBUG_INFORMATION_FORMAT = dwarf;
				ENABLE_STRICT_OBJC_MSGSEND = YES;
				ENABLE_TESTABILITY = YES;
				GCC_C_LANGUAGE_STANDARD = gnu11;
				GCC_DYNAMIC_NO_PIC = NO;
				GCC_NO_COMMON_BLOCKS = YES;
				GCC_OPTIMIZATION_LEVEL = 0;
				GCC_PREPROCESSOR_DEFINITIONS = (
					"DEBUG=1",
					"$(inherited)",
				);
				GCC_WARN_64_TO_32_BIT_CONVERSION = YES;
				GCC_WARN_ABOUT_RETURN_TYPE = YES_ERROR;
				GCC_WARN_UNDECLARED_SELECTOR = YES;
				GCC_WARN_UNINITIALIZED_AUTOS = YES_AGGRESSIVE;
				GCC_WARN_UNUSED_FUNCTION = YES;
				GCC_WARN_UNUSED_VARIABLE = YES;
				IPHONEOS_DEPLOYMENT_TARGET = 16.1;
				MTL_ENABLE_DEBUG_INFO = INCLUDE_SOURCE;
				MTL_FAST_MATH = YES;
				ONLY_ACTIVE_ARCH = YES;
				SDKROOT = iphoneos;
				SWIFT_ACTIVE_COMPILATION_CONDITIONS = DEBUG;
				SWIFT_OPTIMIZATION_LEVEL = "-Onone";
			};
			name = Debug;
		};
		E9A8251D2917ECDC0002DFBA /* Release */ = {
			isa = XCBuildConfiguration;
			buildSettings = {
				ALWAYS_SEARCH_USER_PATHS = NO;
				CLANG_ANALYZER_NONNULL = YES;
				CLANG_ANALYZER_NUMBER_OBJECT_CONVERSION = YES_AGGRESSIVE;
				CLANG_CXX_LANGUAGE_STANDARD = "gnu++20";
				CLANG_ENABLE_MODULES = YES;
				CLANG_ENABLE_OBJC_ARC = YES;
				CLANG_ENABLE_OBJC_WEAK = YES;
				CLANG_WARN_BLOCK_CAPTURE_AUTORELEASING = YES;
				CLANG_WARN_BOOL_CONVERSION = YES;
				CLANG_WARN_COMMA = YES;
				CLANG_WARN_CONSTANT_CONVERSION = YES;
				CLANG_WARN_DEPRECATED_OBJC_IMPLEMENTATIONS = YES;
				CLANG_WARN_DIRECT_OBJC_ISA_USAGE = YES_ERROR;
				CLANG_WARN_DOCUMENTATION_COMMENTS = YES;
				CLANG_WARN_EMPTY_BODY = YES;
				CLANG_WARN_ENUM_CONVERSION = YES;
				CLANG_WARN_INFINITE_RECURSION = YES;
				CLANG_WARN_INT_CONVERSION = YES;
				CLANG_WARN_NON_LITERAL_NULL_CONVERSION = YES;
				CLANG_WARN_OBJC_IMPLICIT_RETAIN_SELF = YES;
				CLANG_WARN_OBJC_LITERAL_CONVERSION = YES;
				CLANG_WARN_OBJC_ROOT_CLASS = YES_ERROR;
				CLANG_WARN_QUOTED_INCLUDE_IN_FRAMEWORK_HEADER = YES;
				CLANG_WARN_RANGE_LOOP_ANALYSIS = YES;
				CLANG_WARN_STRICT_PROTOTYPES = YES;
				CLANG_WARN_SUSPICIOUS_MOVE = YES;
				CLANG_WARN_UNGUARDED_AVAILABILITY = YES_AGGRESSIVE;
				CLANG_WARN_UNREACHABLE_CODE = YES;
				CLANG_WARN__DUPLICATE_METHOD_MATCH = YES;
				COPY_PHASE_STRIP = NO;
				DEBUG_INFORMATION_FORMAT = "dwarf-with-dsym";
				ENABLE_NS_ASSERTIONS = NO;
				ENABLE_STRICT_OBJC_MSGSEND = YES;
				GCC_C_LANGUAGE_STANDARD = gnu11;
				GCC_NO_COMMON_BLOCKS = YES;
				GCC_WARN_64_TO_32_BIT_CONVERSION = YES;
				GCC_WARN_ABOUT_RETURN_TYPE = YES_ERROR;
				GCC_WARN_UNDECLARED_SELECTOR = YES;
				GCC_WARN_UNINITIALIZED_AUTOS = YES_AGGRESSIVE;
				GCC_WARN_UNUSED_FUNCTION = YES;
				GCC_WARN_UNUSED_VARIABLE = YES;
				IPHONEOS_DEPLOYMENT_TARGET = 16.1;
				MTL_ENABLE_DEBUG_INFO = NO;
				MTL_FAST_MATH = YES;
				SDKROOT = iphoneos;
				SWIFT_COMPILATION_MODE = wholemodule;
				SWIFT_OPTIMIZATION_LEVEL = "-O";
				VALIDATE_PRODUCT = YES;
			};
			name = Release;
		};
		E9A8251F2917ECDC0002DFBA /* Debug */ = {
			isa = XCBuildConfiguration;
			buildSettings = {
				ASSETCATALOG_COMPILER_APPICON_NAME = AppIcon;
				ASSETCATALOG_COMPILER_GLOBAL_ACCENT_COLOR_NAME = AccentColor;
				CODE_SIGN_STYLE = Automatic;
				CURRENT_PROJECT_VERSION = 1;
				DEVELOPMENT_ASSET_PATHS = "\"Friendface/Preview Content\"";
				ENABLE_PREVIEWS = YES;
				GENERATE_INFOPLIST_FILE = YES;
				INFOPLIST_KEY_UIApplicationSceneManifest_Generation = YES;
				INFOPLIST_KEY_UIApplicationSupportsIndirectInputEvents = YES;
				INFOPLIST_KEY_UILaunchScreen_Generation = YES;
				INFOPLIST_KEY_UISupportedInterfaceOrientations_iPad = "UIInterfaceOrientationPortrait UIInterfaceOrientationPortraitUpsideDown UIInterfaceOrientationLandscapeLeft UIInterfaceOrientationLandscapeRight";
				INFOPLIST_KEY_UISupportedInterfaceOrientations_iPhone = "UIInterfaceOrientationPortrait UIInterfaceOrientationLandscapeLeft UIInterfaceOrientationLandscapeRight";
				LD_RUNPATH_SEARCH_PATHS = (
					"$(inherited)",
					"@executable_path/Frameworks",
				);
				MARKETING_VERSION = 1.0;
				PRODUCT_BUNDLE_IDENTIFIER = com.sonjaek.Friendface;
				PRODUCT_NAME = "$(TARGET_NAME)";
				SWIFT_EMIT_LOC_STRINGS = YES;
				SWIFT_VERSION = 5.0;
				TARGETED_DEVICE_FAMILY = "1,2";
			};
			name = Debug;
		};
		E9A825202917ECDC0002DFBA /* Release */ = {
			isa = XCBuildConfiguration;
			buildSettings = {
				ASSETCATALOG_COMPILER_APPICON_NAME = AppIcon;
				ASSETCATALOG_COMPILER_GLOBAL_ACCENT_COLOR_NAME = AccentColor;
				CODE_SIGN_STYLE = Automatic;
				CURRENT_PROJECT_VERSION = 1;
				DEVELOPMENT_ASSET_PATHS = "\"Friendface/Preview Content\"";
				ENABLE_PREVIEWS = YES;
				GENERATE_INFOPLIST_FILE = YES;
				INFOPLIST_KEY_UIApplicationSceneManifest_Generation = YES;
				INFOPLIST_KEY_UIApplicationSupportsIndirectInputEvents = YES;
				INFOPLIST_KEY_UILaunchScreen_Generation = YES;
				INFOPLIST_KEY_UISupportedInterfaceOrientations_iPad = "UIInterfaceOrientationPortrait UIInterfaceOrientationPortraitUpsideDown UIInterfaceOrientationLandscapeLeft UIInterfaceOrientationLandscapeRight";
				INFOPLIST_KEY_UISupportedInterfaceOrientations_iPhone = "UIInterfaceOrientationPortrait UIInterfaceOrientationLandscapeLeft UIInterfaceOrientationLandscapeRight";
				LD_RUNPATH_SEARCH_PATHS = (
					"$(inherited)",
					"@executable_path/Frameworks",
				);
				MARKETING_VERSION = 1.0;
				PRODUCT_BUNDLE_IDENTIFIER = com.sonjaek.Friendface;
				PRODUCT_NAME = "$(TARGET_NAME)";
				SWIFT_EMIT_LOC_STRINGS = YES;
				SWIFT_VERSION = 5.0;
				TARGETED_DEVICE_FAMILY = "1,2";
			};
			name = Release;
		};
/* End XCBuildConfiguration section */

/* Begin XCConfigurationList section */
		E9A8250B2917ECDC0002DFBA /* Build configuration list for PBXProject "Friendface" */ = {
			isa = XCConfigurationList;
			buildConfigurations = (
				E9A8251C2917ECDC0002DFBA /* Debug */,
				E9A8251D2917ECDC0002DFBA /* Release */,
			);
			defaultConfigurationIsVisible = 0;
			defaultConfigurationName = Release;
		};
		E9A8251E2917ECDC0002DFBA /* Build configuration list for PBXNativeTarget "Friendface" */ = {
			isa = XCConfigurationList;
			buildConfigurations = (
				E9A8251F2917ECDC0002DFBA /* Debug */,
				E9A825202917ECDC0002DFBA /* Release */,
			);
			defaultConfigurationIsVisible = 0;
			defaultConfigurationName = Release;
		};
/* End XCConfigurationList section */

/* Begin XCVersionGroup section */
		E9A825282917ED8C0002DFBA /* Friendface.xcdatamodeld */ = {
			isa = XCVersionGroup;
			children = (
				E9A825292917ED8C0002DFBA /* Friendface.xcdatamodel */,
			);
			currentVersion = E9A825292917ED8C0002DFBA /* Friendface.xcdatamodel */;
			name = Friendface.xcdatamodeld;
			path = ../../17_Friendface/FriendFace/Friendface.xcdatamodeld;
			sourceTree = "<group>";
			versionGroupType = wrapper.xcdatamodel;
		};
/* End XCVersionGroup section */
	};
	rootObject = E9A825082917ECDC0002DFBA /* Project object */;
}
